
Microsoft Visual Studio Solution File, Format Version 12.00
# Visual Studio Version 17
VisualStudioVersion = 17.14.37027.9 d17.14
MinimumVisualStudioVersion = 10.0.40219.1
Project("{FAE04EC0-301F-11D3-BF4B-00C04F79EFBC}") = "LoggingCS", "LoggingCS.csproj", "{E7ED4C90-F783-4DFE-8060-196022D1D330}"
EndProject
Global
	GlobalSection(SolutionConfigurationPlatforms) = preSolution
		Debug|Any CPU = Debug|Any CPU
		Release|Any CPU = Release|Any CPU
	EndGlobalSection
	GlobalSection(ProjectConfigurationPlatforms) = postSolution
		{E7ED4C90-F783-4DFE-8060-196022D1D330}.Debug|Any CPU.ActiveCfg = Debug|Any CPU
		{E7ED4C90-F783-4DFE-8060-196022D1D330}.Debug|Any CPU.Build.0 = Debug|Any CPU
		{E7ED4C90-F783-4DFE-8060-196022D1D330}.Release|Any CPU.ActiveCfg = Release|Any CPU
		{E7ED4C90-F783-4DFE-8060-196022D1D330}.Release|Any CPU.Build.0 = Release|Any CPU
	EndGlobalSection
	GlobalSection(SolutionProperties) = preSolution
		HideSolutionNode = FALSE
	EndGlobalSection
	GlobalSection(ExtensibilityGlobals) = postSolution
		SolutionGuid = {1ED9D0DE-D65B-4856-9828-A325CAE97518}
	EndGlobalSection
EndGlobal
